# THIS IS AN AUTOGENERATED FILE. DO NOT EDIT THIS FILE DIRECTLY.
# yarn lockfile v1


dotenv@^8.2.0:
  version "8.2.0"
  resolved "https://registry.yarnpkg.com/dotenv/-/dotenv-8.2.0.tgz#97e619259ada750eea3e4ea3e26bceea5424b16a"
  integrity sha512-8sJ78ElpbDJBHNeBzUbUVLsqKdccaa/BXF1uPTw3GrvQTBgrQrtObr2mUrE38vzYd8cEv+m/JBfDLioYcfXoaw==

jssha@^3.1.0:
  version "3.1.0"
  resolved "https://registry.yarnpkg.com/jssha/-/jssha-3.1.0.tgz#bc9d11cefeea5cdaf931cee12cc5771b31d80252"
  integrity sha512-tPCmr8xSLd8ug6N51k0rbF1tAQWZz1i/uCVHpCH9dl+Te+wM/T375R3lTexP3bk1HPmQ+NlJHQPYLmYuyk6slA==
